PODS:
  - Alamofire (5.2.2)
  - lottie-ios (3.1.8)
  - Moya/Core (14.0.0):
    - Alamofire (~> 5.0)
  - Moya/RxSwift (14.0.0):
    - Moya/Core
    - RxSwift (~> 5.0)
  - RxSwift (5.1.1)

DEPENDENCIES:
  - lottie-ios
  - Moya/RxSwift (~> 14.0)

SPEC REPOS:
  trunk:
    - Alamofire
    - lottie-ios
    - Moya
    - RxSwift

SPEC CHECKSUMS:
  Alamofire: 814429acc853c6c54ff123fc3d2ef66803823ce0
  lottie-ios: 48fac6be217c76937e36e340e2d09cf7b10b7f5f
  Moya: 5b45dacb75adb009f97fde91c204c1e565d31916
  RxSwift: 81470a2074fa8780320ea5fe4102807cb7118178

PODFILE CHECKSUM: f3236da4715d10ac70409b45e5ef2187e2473950

COCOAPODS: 1.9.1
