// !$*UTF8*$!
{
	archiveVersion = 1;
	classes = {
	};
	objectVersion = 51;
	objects = {

/* Begin PBXBuildFile section */
		A54316576AE4D401718A512F /* Pods_StarWars.framework in Frameworks */ = {isa = PBXBuildFile; fileRef = 9250CE1BD075FA0915BE7B88 /* Pods_StarWars.framework */; };
		E73111F825113EC100D5E928 /* AppDelegate.swift in Sources */ = {isa = PBXBuildFile; fileRef = E73111F725113EC100D5E928 /* AppDelegate.swift */; };
		E73111FA25113EC100D5E928 /* SceneDelegate.swift in Sources */ = {isa = PBXBuildFile; fileRef = E73111F925113EC100D5E928 /* SceneDelegate.swift */; };
		E73111FC25113EC100D5E928 /* CharactersVC.swift in Sources */ = {isa = PBXBuildFile; fileRef = E73111FB25113EC100D5E928 /* CharactersVC.swift */; };
		E73111FF25113EC100D5E928 /* Main.storyboard in Resources */ = {isa = PBXBuildFile; fileRef = E73111FD25113EC100D5E928 /* Main.storyboard */; };
		E731120125113EC600D5E928 /* Assets.xcassets in Resources */ = {isa = PBXBuildFile; fileRef = E731120025113EC600D5E928 /* Assets.xcassets */; };
		E731120425113EC600D5E928 /* LaunchScreen.storyboard in Resources */ = {isa = PBXBuildFile; fileRef = E731120225113EC600D5E928 /* LaunchScreen.storyboard */; };
		E7B8BC15251148DC000706AC /* loaderAnimation.json in Resources */ = {isa = PBXBuildFile; fileRef = E7B8BC14251148DC000706AC /* loaderAnimation.json */; };
		E7B8BC2E25114E15000706AC /* ActivityIndicator.swift in Sources */ = {isa = PBXBuildFile; fileRef = E7B8BC2D25114E15000706AC /* ActivityIndicator.swift */; };
		E7B8BC322511E956000706AC /* NetworkService.swift in Sources */ = {isa = PBXBuildFile; fileRef = E7B8BC312511E956000706AC /* NetworkService.swift */; };
		E7B8BC352511EA8E000706AC /* Character.swift in Sources */ = {isa = PBXBuildFile; fileRef = E7B8BC342511EA8E000706AC /* Character.swift */; };
		E7B8BC372511EC34000706AC /* Film.swift in Sources */ = {isa = PBXBuildFile; fileRef = E7B8BC362511EC34000706AC /* Film.swift */; };
		E7B8BC392511EF97000706AC /* API+Moya.swift in Sources */ = {isa = PBXBuildFile; fileRef = E7B8BC382511EF97000706AC /* API+Moya.swift */; };
		E7B8BC3E25120099000706AC /* CharactersVM.swift in Sources */ = {isa = PBXBuildFile; fileRef = E7B8BC3B2511FE9C000706AC /* CharactersVM.swift */; };
		E7B8BC41251242A3000706AC /* String+Localizable.swift in Sources */ = {isa = PBXBuildFile; fileRef = E7B8BC40251242A3000706AC /* String+Localizable.swift */; };
		E7B8BC43251242D3000706AC /* Localizable.strings in Resources */ = {isa = PBXBuildFile; fileRef = E7B8BC42251242D3000706AC /* Localizable.strings */; };
		E7B8BC4525128B65000706AC /* CharacterDetailVC.swift in Sources */ = {isa = PBXBuildFile; fileRef = E7B8BC4425128B65000706AC /* CharacterDetailVC.swift */; };
		E7B8BC4725128BA9000706AC /* CharacterDetailVM.swift in Sources */ = {isa = PBXBuildFile; fileRef = E7B8BC4625128BA9000706AC /* CharacterDetailVM.swift */; };
		E7B8BC4925128CE7000706AC /* ViewFactory.swift in Sources */ = {isa = PBXBuildFile; fileRef = E7B8BC4825128CE7000706AC /* ViewFactory.swift */; };
/* End PBXBuildFile section */

/* Begin PBXFileReference section */
		55734D2CD78A7E539AB0A0CF /* Pods-StarWars.debug.xcconfig */ = {isa = PBXFileReference; includeInIndex = 1; lastKnownFileType = text.xcconfig; name = "Pods-StarWars.debug.xcconfig"; path = "Target Support Files/Pods-StarWars/Pods-StarWars.debug.xcconfig"; sourceTree = "<group>"; };
		64E36B22BC783E68D482B363 /* Pods-StarWars.release.xcconfig */ = {isa = PBXFileReference; includeInIndex = 1; lastKnownFileType = text.xcconfig; name = "Pods-StarWars.release.xcconfig"; path = "Target Support Files/Pods-StarWars/Pods-StarWars.release.xcconfig"; sourceTree = "<group>"; };
		9250CE1BD075FA0915BE7B88 /* Pods_StarWars.framework */ = {isa = PBXFileReference; explicitFileType = wrapper.framework; includeInIndex = 0; path = Pods_StarWars.framework; sourceTree = BUILT_PRODUCTS_DIR; };
		E73111F425113EC100D5E928 /* StarWars.app */ = {isa = PBXFileReference; explicitFileType = wrapper.application; includeInIndex = 0; path = StarWars.app; sourceTree = BUILT_PRODUCTS_DIR; };
		E73111F725113EC100D5E928 /* AppDelegate.swift */ = {isa = PBXFileReference; lastKnownFileType = sourcecode.swift; path = AppDelegate.swift; sourceTree = "<group>"; };
		E73111F925113EC100D5E928 /* SceneDelegate.swift */ = {isa = PBXFileReference; lastKnownFileType = sourcecode.swift; path = SceneDelegate.swift; sourceTree = "<group>"; };
		E73111FB25113EC100D5E928 /* CharactersVC.swift */ = {isa = PBXFileReference; lastKnownFileType = sourcecode.swift; path = CharactersVC.swift; sourceTree = "<group>"; };
		E73111FE25113EC100D5E928 /* Base */ = {isa = PBXFileReference; lastKnownFileType = file.storyboard; name = Base; path = Base.lproj/Main.storyboard; sourceTree = "<group>"; };
		E731120025113EC600D5E928 /* Assets.xcassets */ = {isa = PBXFileReference; lastKnownFileType = folder.assetcatalog; path = Assets.xcassets; sourceTree = "<group>"; };
		E731120325113EC600D5E928 /* Base */ = {isa = PBXFileReference; lastKnownFileType = file.storyboard; name = Base; path = Base.lproj/LaunchScreen.storyboard; sourceTree = "<group>"; };
		E731120525113EC600D5E928 /* Info.plist */ = {isa = PBXFileReference; lastKnownFileType = text.plist.xml; path = Info.plist; sourceTree = "<group>"; };
		E7B8BC14251148DC000706AC /* loaderAnimation.json */ = {isa = PBXFileReference; lastKnownFileType = text.json; path = loaderAnimation.json; sourceTree = "<group>"; };
		E7B8BC2D25114E15000706AC /* ActivityIndicator.swift */ = {isa = PBXFileReference; lastKnownFileType = sourcecode.swift; path = ActivityIndicator.swift; sourceTree = "<group>"; };
		E7B8BC312511E956000706AC /* NetworkService.swift */ = {isa = PBXFileReference; lastKnownFileType = sourcecode.swift; path = NetworkService.swift; sourceTree = "<group>"; };
		E7B8BC342511EA8E000706AC /* Character.swift */ = {isa = PBXFileReference; lastKnownFileType = sourcecode.swift; path = Character.swift; sourceTree = "<group>"; };
		E7B8BC362511EC34000706AC /* Film.swift */ = {isa = PBXFileReference; lastKnownFileType = sourcecode.swift; path = Film.swift; sourceTree = "<group>"; };
		E7B8BC382511EF97000706AC /* API+Moya.swift */ = {isa = PBXFileReference; lastKnownFileType = sourcecode.swift; path = "API+Moya.swift"; sourceTree = "<group>"; };
		E7B8BC3B2511FE9C000706AC /* CharactersVM.swift */ = {isa = PBXFileReference; lastKnownFileType = sourcecode.swift; path = CharactersVM.swift; sourceTree = "<group>"; };
		E7B8BC40251242A3000706AC /* String+Localizable.swift */ = {isa = PBXFileReference; lastKnownFileType = sourcecode.swift; path = "String+Localizable.swift"; sourceTree = "<group>"; };
		E7B8BC42251242D3000706AC /* Localizable.strings */ = {isa = PBXFileReference; lastKnownFileType = text.plist.strings; path = Localizable.strings; sourceTree = "<group>"; };
		E7B8BC4425128B65000706AC /* CharacterDetailVC.swift */ = {isa = PBXFileReference; lastKnownFileType = sourcecode.swift; path = CharacterDetailVC.swift; sourceTree = "<group>"; };
		E7B8BC4625128BA9000706AC /* CharacterDetailVM.swift */ = {isa = PBXFileReference; lastKnownFileType = sourcecode.swift; path = CharacterDetailVM.swift; sourceTree = "<group>"; };
		E7B8BC4825128CE7000706AC /* ViewFactory.swift */ = {isa = PBXFileReference; lastKnownFileType = sourcecode.swift; path = ViewFactory.swift; sourceTree = "<group>"; };
/* End PBXFileReference section */

/* Begin PBXFrameworksBuildPhase section */
		E73111F125113EC100D5E928 /* Frameworks */ = {
			isa = PBXFrameworksBuildPhase;
			buildActionMask = 2147483647;
			files = (
				A54316576AE4D401718A512F /* Pods_StarWars.framework in Frameworks */,
			);
			runOnlyForDeploymentPostprocessing = 0;
		};
/* End PBXFrameworksBuildPhase section */

/* Begin PBXGroup section */
		E73111EB25113EC100D5E928 = {
			isa = PBXGroup;
			children = (
				E73111F625113EC100D5E928 /* StarWars */,
				E73111F525113EC100D5E928 /* Products */,
				EE2AD1C17FEB58DC9B3C985A /* Pods */,
				EEC403491BEC42A10CF8C226 /* Frameworks */,
			);
			sourceTree = "<group>";
		};
		E73111F525113EC100D5E928 /* Products */ = {
			isa = PBXGroup;
			children = (
				E73111F425113EC100D5E928 /* StarWars.app */,
			);
			name = Products;
			sourceTree = "<group>";
		};
		E73111F625113EC100D5E928 /* StarWars */ = {
			isa = PBXGroup;
			children = (
				E73111F725113EC100D5E928 /* AppDelegate.swift */,
				E73111F925113EC100D5E928 /* SceneDelegate.swift */,
				E73111FD25113EC100D5E928 /* Main.storyboard */,
				E731120025113EC600D5E928 /* Assets.xcassets */,
				E731120225113EC600D5E928 /* LaunchScreen.storyboard */,
				E731120525113EC600D5E928 /* Info.plist */,
				E7B8BC3D2511FEA1000706AC /* ViewModel */,
				E7B8BC3A2511FE53000706AC /* View */,
				E7B8BC332511E96E000706AC /* Model */,
				E7B8BC302511E943000706AC /* Network */,
				E7B8BC2C25114E05000706AC /* Helper */,
				E7B8BC42251242D3000706AC /* Localizable.strings */,
			);
			path = StarWars;
			sourceTree = "<group>";
		};
		E7B8BC2C25114E05000706AC /* Helper */ = {
			isa = PBXGroup;
			children = (
				E7B8BC2F2511E791000706AC /* ActivityIndicator */,
				E7B8BC40251242A3000706AC /* String+Localizable.swift */,
			);
			path = Helper;
			sourceTree = "<group>";
		};
		E7B8BC2F2511E791000706AC /* ActivityIndicator */ = {
			isa = PBXGroup;
			children = (
				E7B8BC2D25114E15000706AC /* ActivityIndicator.swift */,
				E7B8BC14251148DC000706AC /* loaderAnimation.json */,
			);
			path = ActivityIndicator;
			sourceTree = "<group>";
		};
		E7B8BC302511E943000706AC /* Network */ = {
			isa = PBXGroup;
			children = (
				E7B8BC312511E956000706AC /* NetworkService.swift */,
				E7B8BC382511EF97000706AC /* API+Moya.swift */,
			);
			path = Network;
			sourceTree = "<group>";
		};
		E7B8BC332511E96E000706AC /* Model */ = {
			isa = PBXGroup;
			children = (
				E7B8BC342511EA8E000706AC /* Character.swift */,
				E7B8BC362511EC34000706AC /* Film.swift */,
			);
			path = Model;
			sourceTree = "<group>";
		};
		E7B8BC3A2511FE53000706AC /* View */ = {
			isa = PBXGroup;
			children = (
				E73111FB25113EC100D5E928 /* CharactersVC.swift */,
				E7B8BC4425128B65000706AC /* CharacterDetailVC.swift */,
				E7B8BC4825128CE7000706AC /* ViewFactory.swift */,
			);
			path = View;
			sourceTree = "<group>";
		};
		E7B8BC3D2511FEA1000706AC /* ViewModel */ = {
			isa = PBXGroup;
			children = (
				E7B8BC3B2511FE9C000706AC /* CharactersVM.swift */,
				E7B8BC4625128BA9000706AC /* CharacterDetailVM.swift */,
			);
			path = ViewModel;
			sourceTree = "<group>";
		};
		EE2AD1C17FEB58DC9B3C985A /* Pods */ = {
			isa = PBXGroup;
			children = (
				55734D2CD78A7E539AB0A0CF /* Pods-StarWars.debug.xcconfig */,
				64E36B22BC783E68D482B363 /* Pods-StarWars.release.xcconfig */,
			);
			path = Pods;
			sourceTree = "<group>";
		};
		EEC403491BEC42A10CF8C226 /* Frameworks */ = {
			isa = PBXGroup;
			children = (
				9250CE1BD075FA0915BE7B88 /* Pods_StarWars.framework */,
			);
			name = Frameworks;
			sourceTree = "<group>";
		};
/* End PBXGroup section */

/* Begin PBXNativeTarget section */
		E73111F325113EC100D5E928 /* StarWars */ = {
			isa = PBXNativeTarget;
			buildConfigurationList = E731120825113EC600D5E928 /* Build configuration list for PBXNativeTarget "StarWars" */;
			buildPhases = (
				46F219058DCF4DCA76D674A6 /* [CP] Check Pods Manifest.lock */,
				E73111F025113EC100D5E928 /* Sources */,
				E73111F125113EC100D5E928 /* Frameworks */,
				E73111F225113EC100D5E928 /* Resources */,
				DDC0E7C82497CEFD0212ADAB /* [CP] Embed Pods Frameworks */,
			);
			buildRules = (
			);
			dependencies = (
			);
			name = StarWars;
			productName = StarWars;
			productReference = E73111F425113EC100D5E928 /* StarWars.app */;
			productType = "com.apple.product-type.application";
		};
/* End PBXNativeTarget section */

/* Begin PBXProject section */
		E73111EC25113EC100D5E928 /* Project object */ = {
			isa = PBXProject;
			attributes = {
				LastSwiftUpdateCheck = 1150;
				LastUpgradeCheck = 1150;
				ORGANIZATIONNAME = "Ratul Chhibber";
				TargetAttributes = {
					E73111F325113EC100D5E928 = {
						CreatedOnToolsVersion = 11.5;
					};
				};
			};
			buildConfigurationList = E73111EF25113EC100D5E928 /* Build configuration list for PBXProject "StarWars" */;
			compatibilityVersion = "Xcode 9.3";
			developmentRegion = en;
			hasScannedForEncodings = 0;
			knownRegions = (
				en,
				Base,
			);
			mainGroup = E73111EB25113EC100D5E928;
			productRefGroup = E73111F525113EC100D5E928 /* Products */;
			projectDirPath = "";
			projectRoot = "";
			targets = (
				E73111F325113EC100D5E928 /* StarWars */,
			);
		};
/* End PBXProject section */

/* Begin PBXResourcesBuildPhase section */
		E73111F225113EC100D5E928 /* Resources */ = {
			isa = PBXResourcesBuildPhase;
			buildActionMask = 2147483647;
			files = (
				E7B8BC43251242D3000706AC /* Localizable.strings in Resources */,
				E7B8BC15251148DC000706AC /* loaderAnimation.json in Resources */,
				E731120425113EC600D5E928 /* LaunchScreen.storyboard in Resources */,
				E731120125113EC600D5E928 /* Assets.xcassets in Resources */,
				E73111FF25113EC100D5E928 /* Main.storyboard in Resources */,
			);
			runOnlyForDeploymentPostprocessing = 0;
		};
/* End PBXResourcesBuildPhase section */

/* Begin PBXShellScriptBuildPhase section */
		46F219058DCF4DCA76D674A6 /* [CP] Check Pods Manifest.lock */ = {
			isa = PBXShellScriptBuildPhase;
			buildActionMask = 2147483647;
			files = (
			);
			inputFileListPaths = (
			);
			inputPaths = (
				"${PODS_PODFILE_DIR_PATH}/Podfile.lock",
				"${PODS_ROOT}/Manifest.lock",
			);
			name = "[CP] Check Pods Manifest.lock";
			outputFileListPaths = (
			);
			outputPaths = (
				"$(DERIVED_FILE_DIR)/Pods-StarWars-checkManifestLockResult.txt",
			);
			runOnlyForDeploymentPostprocessing = 0;
			shellPath = /bin/sh;
			shellScript = "diff \"${PODS_PODFILE_DIR_PATH}/Podfile.lock\" \"${PODS_ROOT}/Manifest.lock\" > /dev/null\nif [ $? != 0 ] ; then\n    # print error to STDERR\n    echo \"error: The sandbox is not in sync with the Podfile.lock. Run 'pod install' or update your CocoaPods installation.\" >&2\n    exit 1\nfi\n# This output is used by Xcode 'outputs' to avoid re-running this script phase.\necho \"SUCCESS\" > \"${SCRIPT_OUTPUT_FILE_0}\"\n";
			showEnvVarsInLog = 0;
		};
		DDC0E7C82497CEFD0212ADAB /* [CP] Embed Pods Frameworks */ = {
			isa = PBXShellScriptBuildPhase;
			buildActionMask = 2147483647;
			files = (
			);
			inputFileListPaths = (
				"${PODS_ROOT}/Target Support Files/Pods-StarWars/Pods-StarWars-frameworks-${CONFIGURATION}-input-files.xcfilelist",
			);
			name = "[CP] Embed Pods Frameworks";
			outputFileListPaths = (
				"${PODS_ROOT}/Target Support Files/Pods-StarWars/Pods-StarWars-frameworks-${CONFIGURATION}-output-files.xcfilelist",
			);
			runOnlyForDeploymentPostprocessing = 0;
			shellPath = /bin/sh;
			shellScript = "\"${PODS_ROOT}/Target Support Files/Pods-StarWars/Pods-StarWars-frameworks.sh\"\n";
			showEnvVarsInLog = 0;
		};
/* End PBXShellScriptBuildPhase section */

/* Begin PBXSourcesBuildPhase section */
		E73111F025113EC100D5E928 /* Sources */ = {
			isa = PBXSourcesBuildPhase;
			buildActionMask = 2147483647;
			files = (
				E7B8BC322511E956000706AC /* NetworkService.swift in Sources */,
				E7B8BC41251242A3000706AC /* String+Localizable.swift in Sources */,
				E7B8BC2E25114E15000706AC /* ActivityIndicator.swift in Sources */,
				E73111FC25113EC100D5E928 /* CharactersVC.swift in Sources */,
				E73111F825113EC100D5E928 /* AppDelegate.swift in Sources */,
				E7B8BC352511EA8E000706AC /* Character.swift in Sources */,
				E73111FA25113EC100D5E928 /* SceneDelegate.swift in Sources */,
				E7B8BC3E25120099000706AC /* CharactersVM.swift in Sources */,
				E7B8BC4525128B65000706AC /* CharacterDetailVC.swift in Sources */,
				E7B8BC4725128BA9000706AC /* CharacterDetailVM.swift in Sources */,
				E7B8BC392511EF97000706AC /* API+Moya.swift in Sources */,
				E7B8BC372511EC34000706AC /* Film.swift in Sources */,
				E7B8BC4925128CE7000706AC /* ViewFactory.swift in Sources */,
			);
			runOnlyForDeploymentPostprocessing = 0;
		};
/* End PBXSourcesBuildPhase section */

/* Begin PBXVariantGroup section */
		E73111FD25113EC100D5E928 /* Main.storyboard */ = {
			isa = PBXVariantGroup;
			children = (
				E73111FE25113EC100D5E928 /* Base */,
			);
			name = Main.storyboard;
			sourceTree = "<group>";
		};
		E731120225113EC600D5E928 /* LaunchScreen.storyboard */ = {
			isa = PBXVariantGroup;
			children = (
				E731120325113EC600D5E928 /* Base */,
			);
			name = LaunchScreen.storyboard;
			sourceTree = "<group>";
		};
/* End PBXVariantGroup section */

/* Begin XCBuildConfiguration section */
		E731120625113EC600D5E928 /* Debug */ = {
			isa = XCBuildConfiguration;
			buildSettings = {
				ALWAYS_SEARCH_USER_PATHS = NO;
				CLANG_ANALYZER_NONNULL = YES;
				CLANG_ANALYZER_NUMBER_OBJECT_CONVERSION = YES_AGGRESSIVE;
				CLANG_CXX_LANGUAGE_STANDARD = "gnu++14";
				CLANG_CXX_LIBRARY = "libc++";
				CLANG_ENABLE_MODULES = YES;
				CLANG_ENABLE_OBJC_ARC = YES;
				CLANG_ENABLE_OBJC_WEAK = YES;
				CLANG_WARN_BLOCK_CAPTURE_AUTORELEASING = YES;
				CLANG_WARN_BOOL_CONVERSION = YES;
				CLANG_WARN_COMMA = YES;
				CLANG_WARN_CONSTANT_CONVERSION = YES;
				CLANG_WARN_DEPRECATED_OBJC_IMPLEMENTATIONS = YES;
				CLANG_WARN_DIRECT_OBJC_ISA_USAGE = YES_ERROR;
				CLANG_WARN_DOCUMENTATION_COMMENTS = YES;
				CLANG_WARN_EMPTY_BODY = YES;
				CLANG_WARN_ENUM_CONVERSION = YES;
				CLANG_WARN_INFINITE_RECURSION = YES;
				CLANG_WARN_INT_CONVERSION = YES;
				CLANG_WARN_NON_LITERAL_NULL_CONVERSION = YES;
				CLANG_WARN_OBJC_IMPLICIT_RETAIN_SELF = YES;
				CLANG_WARN_OBJC_LITERAL_CONVERSION = YES;
				CLANG_WARN_OBJC_ROOT_CLASS = YES_ERROR;
				CLANG_WARN_RANGE_LOOP_ANALYSIS = YES;
				CLANG_WARN_STRICT_PROTOTYPES = YES;
				CLANG_WARN_SUSPICIOUS_MOVE = YES;
				CLANG_WARN_UNGUARDED_AVAILABILITY = YES_AGGRESSIVE;
				CLANG_WARN_UNREACHABLE_CODE = YES;
				CLANG_WARN__DUPLICATE_METHOD_MATCH = YES;
				COPY_PHASE_STRIP = NO;
				DEBUG_INFORMATION_FORMAT = dwarf;
				ENABLE_STRICT_OBJC_MSGSEND = YES;
				ENABLE_TESTABILITY = YES;
				GCC_C_LANGUAGE_STANDARD = gnu11;
				GCC_DYNAMIC_NO_PIC = NO;
				GCC_NO_COMMON_BLOCKS = YES;
				GCC_OPTIMIZATION_LEVEL = 0;
				GCC_PREPROCESSOR_DEFINITIONS = (
					"DEBUG=1",
					"$(inherited)",
				);
				GCC_WARN_64_TO_32_BIT_CONVERSION = YES;
				GCC_WARN_ABOUT_RETURN_TYPE = YES_ERROR;
				GCC_WARN_UNDECLARED_SELECTOR = YES;
				GCC_WARN_UNINITIALIZED_AUTOS = YES_AGGRESSIVE;
				GCC_WARN_UNUSED_FUNCTION = YES;
				GCC_WARN_UNUSED_VARIABLE = YES;
				IPHONEOS_DEPLOYMENT_TARGET = 13.5;
				MTL_ENABLE_DEBUG_INFO = INCLUDE_SOURCE;
				MTL_FAST_MATH = YES;
				ONLY_ACTIVE_ARCH = YES;
				SDKROOT = iphoneos;
				SWIFT_ACTIVE_COMPILATION_CONDITIONS = DEBUG;
				SWIFT_OPTIMIZATION_LEVEL = "-Onone";
			};
			name = Debug;
		};
		E731120725113EC600D5E928 /* Release */ = {
			isa = XCBuildConfiguration;
			buildSettings = {
				ALWAYS_SEARCH_USER_PATHS = NO;
				CLANG_ANALYZER_NONNULL = YES;
				CLANG_ANALYZER_NUMBER_OBJECT_CONVERSION = YES_AGGRESSIVE;
				CLANG_CXX_LANGUAGE_STANDARD = "gnu++14";
				CLANG_CXX_LIBRARY = "libc++";
				CLANG_ENABLE_MODULES = YES;
				CLANG_ENABLE_OBJC_ARC = YES;
				CLANG_ENABLE_OBJC_WEAK = YES;
				CLANG_WARN_BLOCK_CAPTURE_AUTORELEASING = YES;
				CLANG_WARN_BOOL_CONVERSION = YES;
				CLANG_WARN_COMMA = YES;
				CLANG_WARN_CONSTANT_CONVERSION = YES;
				CLANG_WARN_DEPRECATED_OBJC_IMPLEMENTATIONS = YES;
				CLANG_WARN_DIRECT_OBJC_ISA_USAGE = YES_ERROR;
				CLANG_WARN_DOCUMENTATION_COMMENTS = YES;
				CLANG_WARN_EMPTY_BODY = YES;
				CLANG_WARN_ENUM_CONVERSION = YES;
				CLANG_WARN_INFINITE_RECURSION = YES;
				CLANG_WARN_INT_CONVERSION = YES;
				CLANG_WARN_NON_LITERAL_NULL_CONVERSION = YES;
				CLANG_WARN_OBJC_IMPLICIT_RETAIN_SELF = YES;
				CLANG_WARN_OBJC_LITERAL_CONVERSION = YES;
				CLANG_WARN_OBJC_ROOT_CLASS = YES_ERROR;
				CLANG_WARN_RANGE_LOOP_ANALYSIS = YES;
				CLANG_WARN_STRICT_PROTOTYPES = YES;
				CLANG_WARN_SUSPICIOUS_MOVE = YES;
				CLANG_WARN_UNGUARDED_AVAILABILITY = YES_AGGRESSIVE;
				CLANG_WARN_UNREACHABLE_CODE = YES;
				CLANG_WARN__DUPLICATE_METHOD_MATCH = YES;
				COPY_PHASE_STRIP = NO;
				DEBUG_INFORMATION_FORMAT = "dwarf-with-dsym";
				ENABLE_NS_ASSERTIONS = NO;
				ENABLE_STRICT_OBJC_MSGSEND = YES;
				GCC_C_LANGUAGE_STANDARD = gnu11;
				GCC_NO_COMMON_BLOCKS = YES;
				GCC_WARN_64_TO_32_BIT_CONVERSION = YES;
				GCC_WARN_ABOUT_RETURN_TYPE = YES_ERROR;
				GCC_WARN_UNDECLARED_SELECTOR = YES;
				GCC_WARN_UNINITIALIZED_AUTOS = YES_AGGRESSIVE;
				GCC_WARN_UNUSED_FUNCTION = YES;
				GCC_WARN_UNUSED_VARIABLE = YES;
				IPHONEOS_DEPLOYMENT_TARGET = 13.5;
				MTL_ENABLE_DEBUG_INFO = NO;
				MTL_FAST_MATH = YES;
				SDKROOT = iphoneos;
				SWIFT_COMPILATION_MODE = wholemodule;
				SWIFT_OPTIMIZATION_LEVEL = "-O";
				VALIDATE_PRODUCT = YES;
			};
			name = Release;
		};
		E731120925113EC600D5E928 /* Debug */ = {
			isa = XCBuildConfiguration;
			baseConfigurationReference = 55734D2CD78A7E539AB0A0CF /* Pods-StarWars.debug.xcconfig */;
			buildSettings = {
				ASSETCATALOG_COMPILER_APPICON_NAME = AppIcon;
				CODE_SIGN_STYLE = Automatic;
				DEVELOPMENT_TEAM = M2E9JH565P;
				INFOPLIST_FILE = StarWars/Info.plist;
				LD_RUNPATH_SEARCH_PATHS = (
					"$(inherited)",
					"@executable_path/Frameworks",
				);
				PRODUCT_BUNDLE_IDENTIFIER = com.test.starWars.StarWars;
				PRODUCT_NAME = "$(TARGET_NAME)";
				SWIFT_VERSION = 5.0;
				TARGETED_DEVICE_FAMILY = "1,2";
			};
			name = Debug;
		};
		E731120A25113EC600D5E928 /* Release */ = {
			isa = XCBuildConfiguration;
			baseConfigurationReference = 64E36B22BC783E68D482B363 /* Pods-StarWars.release.xcconfig */;
			buildSettings = {
				ASSETCATALOG_COMPILER_APPICON_NAME = AppIcon;
				CODE_SIGN_STYLE = Automatic;
				DEVELOPMENT_TEAM = M2E9JH565P;
				INFOPLIST_FILE = StarWars/Info.plist;
				LD_RUNPATH_SEARCH_PATHS = (
					"$(inherited)",
					"@executable_path/Frameworks",
				);
				PRODUCT_BUNDLE_IDENTIFIER = com.test.starWars.StarWars;
				PRODUCT_NAME = "$(TARGET_NAME)";
				SWIFT_VERSION = 5.0;
				TARGETED_DEVICE_FAMILY = "1,2";
			};
			name = Release;
		};
/* End XCBuildConfiguration section */

/* Begin XCConfigurationList section */
		E73111EF25113EC100D5E928 /* Build configuration list for PBXProject "StarWars" */ = {
			isa = XCConfigurationList;
			buildConfigurations = (
				E731120625113EC600D5E928 /* Debug */,
				E731120725113EC600D5E928 /* Release */,
			);
			defaultConfigurationIsVisible = 0;
			defaultConfigurationName = Release;
		};
		E731120825113EC600D5E928 /* Build configuration list for PBXNativeTarget "StarWars" */ = {
			isa = XCConfigurationList;
			buildConfigurations = (
				E731120925113EC600D5E928 /* Debug */,
				E731120A25113EC600D5E928 /* Release */,
			);
			defaultConfigurationIsVisible = 0;
			defaultConfigurationName = Release;
		};
/* End XCConfigurationList section */
	};
	rootObject = E73111EC25113EC100D5E928 /* Project object */;
}
